
Microsoft Visual Studio Solution File, Format Version 12.00
# Visual Studio 15
VisualStudioVersion = 15.0.27428.2037
MinimumVisualStudioVersion = 10.0.40219.1
Project("{FAE04EC0-301F-11D3-BF4B-00C04F79EFBC}") = "Interact_with_DataLake", "Interact_with_DataLake\Interact_with_DataLake.csproj", "{5D77A76F-1A2F-45C6-A891-147DFB958B19}"
EndProject
Global
	GlobalSection(SolutionConfigurationPlatforms) = preSolution
		Debug|Any CPU = Debug|Any CPU
		Release|Any CPU = Release|Any CPU
	EndGlobalSection
	GlobalSection(ProjectConfigurationPlatforms) = postSolution
		{5D77A76F-1A2F-45C6-A891-147DFB958B19}.Debug|Any CPU.ActiveCfg = Debug|Any CPU
		{5D77A76F-1A2F-45C6-A891-147DFB958B19}.Debug|Any CPU.Build.0 = Debug|Any CPU
		{5D77A76F-1A2F-45C6-A891-147DFB958B19}.Release|Any CPU.ActiveCfg = Release|Any CPU
		{5D77A76F-1A2F-45C6-A891-147DFB958B19}.Release|Any CPU.Build.0 = Release|Any CPU
	EndGlobalSection
	GlobalSection(SolutionProperties) = preSolution
		HideSolutionNode = FALSE
	EndGlobalSection
	GlobalSection(ExtensibilityGlobals) = postSolution
		SolutionGuid = {1C4D9149-8DC7-4409-AFAA-BA09C3153506}
	EndGlobalSection
EndGlobal
